# THIS IS AN AUTOGENERATED FILE. DO NOT EDIT THIS FILE DIRECTLY.
# yarn lockfile v1


"@babel/code-frame@^7.0.0", "@babel/code-frame@^7.5.5":
  version "7.5.5"
  resolved "https://registry.yarnpkg.com/@babel/code-frame/-/code-frame-7.5.5.tgz#bc0782f6d69f7b7d49531219699b988f669a8f9d"
  dependencies:
    "@babel/highlight" "^7.0.0"

"@babel/core@^7.7.2":
  version "7.7.2"
  resolved "https://registry.yarnpkg.com/@babel/core/-/core-7.7.2.tgz#ea5b99693bcfc058116f42fa1dd54da412b29d91"
  dependencies:
    "@babel/code-frame" "^7.5.5"
    "@babel/generator" "^7.7.2"
    "@babel/helpers" "^7.7.0"
    "@babel/parser" "^7.7.2"
    "@babel/template" "^7.7.0"
    "@babel/traverse" "^7.7.2"
    "@babel/types" "^7.7.2"
    convert-source-map "^1.7.0"
    debug "^4.1.0"
    json5 "^2.1.0"
    lodash "^4.17.13"
    resolve "^1.3.2"
    semver "^5.4.1"
    source-map "^0.5.0"

"@babel/generator@^7.7.2":
  version "7.7.2"
  resolved "https://registry.yarnpkg.com/@babel/generator/-/generator-7.7.2.tgz#2f4852d04131a5e17ea4f6645488b5da66ebf3af"
  dependencies:
    "@babel/types" "^7.7.2"
    jsesc "^2.5.1"
    lodash "^4.17.13"
    source-map "^0.5.0"

"@babel/helper-annotate-as-pure@^7.0.0", "@babel/helper-annotate-as-pure@^7.7.0":
  version "7.7.0"
  resolved "https://registry.yarnpkg.com/@babel/helper-annotate-as-pure/-/helper-annotate-as-pure-7.7.0.tgz#efc54032d43891fe267679e63f6860aa7dbf4a5e"
  dependencies:
    "@babel/types" "^7.7.0"

"@babel/helper-builder-binary-assignment-operator-visitor@^7.1.0":
  version "7.7.0"
  resolved "https://registry.yarnpkg.com/@babel/helper-builder-binary-assignment-operator-visitor/-/helper-builder-binary-assignment-operator-visitor-7.7.0.tgz#32dd9551d6ed3a5fc2edc50d6912852aa18274d9"
  dependencies:
    "@babel/helper-explode-assignable-expression" "^7.7.0"
    "@babel/types" "^7.7.0"

"@babel/helper-call-delegate@^7.4.4":
  version "7.7.0"
  resolved "https://registry.yarnpkg.com/@babel/helper-call-delegate/-/helper-call-delegate-7.7.0.tgz#df8942452c2c1a217335ca7e393b9afc67f668dc"
  dependencies:
    "@babel/helper-hoist-variables" "^7.7.0"
    "@babel/traverse" "^7.7.0"
    "@babel/types" "^7.7.0"

"@babel/helper-create-regexp-features-plugin@^7.7.0":
  version "7.7.2"
  resolved "https://registry.yarnpkg.com/@babel/helper-create-regexp-features-plugin/-/helper-create-regexp-features-plugin-7.7.2.tgz#6f20443778c8fce2af2ff4206284afc0ced65db6"
  dependencies:
    "@babel/helper-regex" "^7.4.4"
    regexpu-core "^4.6.0"

"@babel/helper-define-map@^7.7.0":
  version "7.7.0"
  resolved "https://registry.yarnpkg.com/@babel/helper-define-map/-/helper-define-map-7.7.0.tgz#60b0e9fd60def9de5054c38afde8c8ee409c7529"
  dependencies:
    "@babel/helper-function-name" "^7.7.0"
    "@babel/types" "^7.7.0"
    lodash "^4.17.13"

"@babel/helper-explode-assignable-expression@^7.7.0":
  version "7.7.0"
  resolved "https://registry.yarnpkg.com/@babel/helper-explode-assignable-expression/-/helper-explode-assignable-expression-7.7.0.tgz#db2a6705555ae1f9f33b4b8212a546bc7f9dc3ef"
  dependencies:
    "@babel/traverse" "^7.7.0"
    "@babel/types" "^7.7.0"

"@babel/helper-function-name@^7.7.0":
  version "7.7.0"
  resolved "https://registry.yarnpkg.com/@babel/helper-function-name/-/helper-function-name-7.7.0.tgz#44a5ad151cfff8ed2599c91682dda2ec2c8430a3"
  dependencies:
    "@babel/helper-get-function-arity" "^7.7.0"
    "@babel/template" "^7.7.0"
    "@babel/types" "^7.7.0"

"@babel/helper-get-function-arity@^7.0.0", "@babel/helper-get-function-arity@^7.7.0":
  version "7.7.0"
  resolved "https://registry.yarnpkg.com/@babel/helper-get-function-arity/-/helper-get-function-arity-7.7.0.tgz#c604886bc97287a1d1398092bc666bc3d7d7aa2d"
  dependencies:
    "@babel/types" "^7.7.0"

"@babel/helper-hoist-variables@^7.7.0":
  version "7.7.0"
  resolved "https://registry.yarnpkg.com/@babel/helper-hoist-variables/-/helper-hoist-variables-7.7.0.tgz#b4552e4cfe5577d7de7b183e193e84e4ec538c81"
  dependencies:
    "@babel/types" "^7.7.0"

"@babel/helper-member-expression-to-functions@^7.7.0":
  version "7.7.0"
  resolved "https://registry.yarnpkg.com/@babel/helper-member-expression-to-functions/-/helper-member-expression-to-functions-7.7.0.tgz#472b93003a57071f95a541ea6c2b098398bcad8a"
  dependencies:
    "@babel/types" "^7.7.0"

"@babel/helper-module-imports@^7.0.0", "@babel/helper-module-imports@^7.7.0":
  version "7.7.0"
  resolved "https://registry.yarnpkg.com/@babel/helper-module-imports/-/helper-module-imports-7.7.0.tgz#99c095889466e5f7b6d66d98dffc58baaf42654d"
  dependencies:
    "@babel/types" "^7.7.0"

"@babel/helper-module-transforms@^7.1.0", "@babel/helper-module-transforms@^7.7.0":
  version "7.7.0"
  resolved "https://registry.yarnpkg.com/@babel/helper-module-transforms/-/helper-module-transforms-7.7.0.tgz#154a69f0c5b8fd4d39e49750ff7ac4faa3f36786"
  dependencies:
    "@babel/helper-module-imports" "^7.7.0"
    "@babel/helper-simple-access" "^7.7.0"
    "@babel/helper-split-export-declaration" "^7.7.0"
    "@babel/template" "^7.7.0"
    "@babel/types" "^7.7.0"
    lodash "^4.17.13"

"@babel/helper-optimise-call-expression@^7.7.0":
  version "7.7.0"
  resolved "https://registry.yarnpkg.com/@babel/helper-optimise-call-expression/-/helper-optimise-call-expression-7.7.0.tgz#4f66a216116a66164135dc618c5d8b7a959f9365"
  dependencies:
    "@babel/types" "^7.7.0"

"@babel/helper-plugin-utils@^7.0.0":
  version "7.0.0"
  resolved "https://registry.yarnpkg.com/@babel/helper-plugin-utils/-/helper-plugin-utils-7.0.0.tgz#bbb3fbee98661c569034237cc03967ba99b4f250"

"@babel/helper-regex@^7.0.0", "@babel/helper-regex@^7.4.4":
  version "7.5.5"
  resolved "https://registry.yarnpkg.com/@babel/helper-regex/-/helper-regex-7.5.5.tgz#0aa6824f7100a2e0e89c1527c23936c152cab351"
  dependencies:
    lodash "^4.17.13"

"@babel/helper-remap-async-to-generator@^7.7.0":
  version "7.7.0"
  resolved "https://registry.yarnpkg.com/@babel/helper-remap-async-to-generator/-/helper-remap-async-to-generator-7.7.0.tgz#4d69ec653e8bff5bce62f5d33fc1508f223c75a7"
  dependencies:
    "@babel/helper-annotate-as-pure" "^7.7.0"
    "@babel/helper-wrap-function" "^7.7.0"
    "@babel/template" "^7.7.0"
    "@babel/traverse" "^7.7.0"
    "@babel/types" "^7.7.0"

"@babel/helper-replace-supers@^7.5.5", "@babel/helper-replace-supers@^7.7.0":
  version "7.7.0"
  resolved "https://registry.yarnpkg.com/@babel/helper-replace-supers/-/helper-replace-supers-7.7.0.tgz#d5365c8667fe7cbd13b8ddddceb9bd7f2b387512"
  dependencies:
    "@babel/helper-member-expression-to-functions" "^7.7.0"
    "@babel/helper-optimise-call-expression" "^7.7.0"
    "@babel/traverse" "^7.7.0"
    "@babel/types" "^7.7.0"

"@babel/helper-simple-access@^7.7.0":
  version "7.7.0"
  resolved "https://registry.yarnpkg.com/@babel/helper-simple-access/-/helper-simple-access-7.7.0.tgz#97a8b6c52105d76031b86237dc1852b44837243d"
  dependencies:
    "@babel/template" "^7.7.0"
    "@babel/types" "^7.7.0"

"@babel/helper-split-export-declaration@^7.7.0":
  version "7.7.0"
  resolved "https://registry.yarnpkg.com/@babel/helper-split-export-declaration/-/helper-split-export-declaration-7.7.0.tgz#1365e74ea6c614deeb56ebffabd71006a0eb2300"
  dependencies:
    "@babel/types" "^7.7.0"

"@babel/helper-wrap-function@^7.7.0":
  version "7.7.0"
  resolved "https://registry.yarnpkg.com/@babel/helper-wrap-function/-/helper-wrap-function-7.7.0.tgz#15af3d3e98f8417a60554acbb6c14e75e0b33b74"
  dependencies:
    "@babel/helper-function-name" "^7.7.0"
    "@babel/template" "^7.7.0"
    "@babel/traverse" "^7.7.0"
    "@babel/types" "^7.7.0"

"@babel/helpers@^7.7.0":
  version "7.7.0"
  resolved "https://registry.yarnpkg.com/@babel/helpers/-/helpers-7.7.0.tgz#359bb5ac3b4726f7c1fde0ec75f64b3f4275d60b"
  dependencies:
    "@babel/template" "^7.7.0"
    "@babel/traverse" "^7.7.0"
    "@babel/types" "^7.7.0"

"@babel/highlight@^7.0.0":
  version "7.5.0"
  resolved "https://registry.yarnpkg.com/@babel/highlight/-/highlight-7.5.0.tgz#56d11312bd9248fa619591d02472be6e8cb32540"
  dependencies:
    chalk "^2.0.0"
    esutils "^2.0.2"
    js-tokens "^4.0.0"

"@babel/parser@^7.7.0", "@babel/parser@^7.7.2":
  version "7.7.3"
  resolved "https://registry.yarnpkg.com/@babel/parser/-/parser-7.7.3.tgz#5fad457c2529de476a248f75b0f090b3060af043"

"@babel/plugin-external-helpers@^7.2.0":
  version "7.2.0"
  resolved "https://registry.yarnpkg.com/@babel/plugin-external-helpers/-/plugin-external-helpers-7.2.0.tgz#7f4cb7dee651cd380d2034847d914288467a6be4"
  dependencies:
    "@babel/helper-plugin-utils" "^7.0.0"

"@babel/plugin-proposal-async-generator-functions@^7.7.0":
  version "7.7.0"
  resolved "https://registry.yarnpkg.com/@babel/plugin-proposal-async-generator-functions/-/plugin-proposal-async-generator-functions-7.7.0.tgz#83ef2d6044496b4c15d8b4904e2219e6dccc6971"
  dependencies:
    "@babel/helper-plugin-utils" "^7.0.0"
    "@babel/helper-remap-async-to-generator" "^7.7.0"
    "@babel/plugin-syntax-async-generators" "^7.2.0"

"@babel/plugin-proposal-dynamic-import@^7.7.0":
  version "7.7.0"
  resolved "https://registry.yarnpkg.com/@babel/plugin-proposal-dynamic-import/-/plugin-proposal-dynamic-import-7.7.0.tgz#dc02a8bad8d653fb59daf085516fa416edd2aa7f"
  dependencies:
    "@babel/helper-plugin-utils" "^7.0.0"
    "@babel/plugin-syntax-dynamic-import" "^7.2.0"

"@babel/plugin-proposal-json-strings@^7.2.0":
  version "7.2.0"
  resolved "https://registry.yarnpkg.com/@babel/plugin-proposal-json-strings/-/plugin-proposal-json-strings-7.2.0.tgz#568ecc446c6148ae6b267f02551130891e29f317"
  dependencies:
    "@babel/helper-plugin-utils" "^7.0.0"
    "@babel/plugin-syntax-json-strings" "^7.2.0"

"@babel/plugin-proposal-object-rest-spread@^7.6.2":
  version "7.6.2"
  resolved "https://registry.yarnpkg.com/@babel/plugin-proposal-object-rest-spread/-/plugin-proposal-object-rest-spread-7.6.2.tgz#8ffccc8f3a6545e9f78988b6bf4fe881b88e8096"
  dependencies:
    "@babel/helper-plugin-utils" "^7.0.0"
    "@babel/plugin-syntax-object-rest-spread" "^7.2.0"

"@babel/plugin-proposal-optional-catch-binding@^7.2.0":
  version "7.2.0"
  resolved "https://registry.yarnpkg.com/@babel/plugin-proposal-optional-catch-binding/-/plugin-proposal-optional-catch-binding-7.2.0.tgz#135d81edb68a081e55e56ec48541ece8065c38f5"
  dependencies:
    "@babel/helper-plugin-utils" "^7.0.0"
    "@babel/plugin-syntax-optional-catch-binding" "^7.2.0"

"@babel/plugin-proposal-unicode-property-regex@^7.7.0":
  version "7.7.0"
  resolved "https://registry.yarnpkg.com/@babel/plugin-proposal-unicode-property-regex/-/plugin-proposal-unicode-property-regex-7.7.0.tgz#549fe1717a1bd0a2a7e63163841cb37e78179d5d"
  dependencies:
    "@babel/helper-create-regexp-features-plugin" "^7.7.0"
    "@babel/helper-plugin-utils" "^7.0.0"

"@babel/plugin-syntax-async-generators@^7.2.0":
  version "7.2.0"
  resolved "https://registry.yarnpkg.com/@babel/plugin-syntax-async-generators/-/plugin-syntax-async-generators-7.2.0.tgz#69e1f0db34c6f5a0cf7e2b3323bf159a76c8cb7f"
  dependencies:
    "@babel/helper-plugin-utils" "^7.0.0"

"@babel/plugin-syntax-dynamic-import@^7.2.0":
  version "7.2.0"
  resolved "https://registry.yarnpkg.com/@babel/plugin-syntax-dynamic-import/-/plugin-syntax-dynamic-import-7.2.0.tgz#69c159ffaf4998122161ad8ebc5e6d1f55df8612"
  dependencies:
    "@babel/helper-plugin-utils" "^7.0.0"

"@babel/plugin-syntax-json-strings@^7.2.0":
  version "7.2.0"
  resolved "https://registry.yarnpkg.com/@babel/plugin-syntax-json-strings/-/plugin-syntax-json-strings-7.2.0.tgz#72bd13f6ffe1d25938129d2a186b11fd62951470"
  dependencies:
    "@babel/helper-plugin-utils" "^7.0.0"

"@babel/plugin-syntax-object-rest-spread@^7.2.0":
  version "7.2.0"
  resolved "https://registry.yarnpkg.com/@babel/plugin-syntax-object-rest-spread/-/plugin-syntax-object-rest-spread-7.2.0.tgz#3b7a3e733510c57e820b9142a6579ac8b0dfad2e"
  dependencies:
    "@babel/helper-plugin-utils" "^7.0.0"

"@babel/plugin-syntax-optional-catch-binding@^7.2.0":
  version "7.2.0"
  resolved "https://registry.yarnpkg.com/@babel/plugin-syntax-optional-catch-binding/-/plugin-syntax-optional-catch-binding-7.2.0.tgz#a94013d6eda8908dfe6a477e7f9eda85656ecf5c"
  dependencies:
    "@babel/helper-plugin-utils" "^7.0.0"

"@babel/plugin-syntax-top-level-await@^7.7.0":
  version "7.7.0"
  resolved "https://registry.yarnpkg.com/@babel/plugin-syntax-top-level-await/-/plugin-syntax-top-level-await-7.7.0.tgz#f5699549f50bbe8d12b1843a4e82f0a37bb65f4d"
  dependencies:
    "@babel/helper-plugin-utils" "^7.0.0"

"@babel/plugin-transform-arrow-functions@^7.2.0":
  version "7.2.0"
  resolved "https://registry.yarnpkg.com/@babel/plugin-transform-arrow-functions/-/plugin-transform-arrow-functions-7.2.0.tgz#9aeafbe4d6ffc6563bf8f8372091628f00779550"
  dependencies:
    "@babel/helper-plugin-utils" "^7.0.0"

"@babel/plugin-transform-async-to-generator@^7.7.0":
  version "7.7.0"
  resolved "https://registry.yarnpkg.com/@babel/plugin-transform-async-to-generator/-/plugin-transform-async-to-generator-7.7.0.tgz#e2b84f11952cf5913fe3438b7d2585042772f492"
  dependencies:
    "@babel/helper-module-imports" "^7.7.0"
    "@babel/helper-plugin-utils" "^7.0.0"
    "@babel/helper-remap-async-to-generator" "^7.7.0"

"@babel/plugin-transform-block-scoped-functions@^7.2.0":
  version "7.2.0"
  resolved "https://registry.yarnpkg.com/@babel/plugin-transform-block-scoped-functions/-/plugin-transform-block-scoped-functions-7.2.0.tgz#5d3cc11e8d5ddd752aa64c9148d0db6cb79fd190"
  dependencies:
    "@babel/helper-plugin-utils" "^7.0.0"

"@babel/plugin-transform-block-scoping@^7.6.3":
  version "7.6.3"
  resolved "https://registry.yarnpkg.com/@babel/plugin-transform-block-scoping/-/plugin-transform-block-scoping-7.6.3.tgz#6e854e51fbbaa84351b15d4ddafe342f3a5d542a"
  dependencies:
    "@babel/helper-plugin-utils" "^7.0.0"
    lodash "^4.17.13"

"@babel/plugin-transform-classes@^7.7.0":
  version "7.7.0"
  resolved "https://registry.yarnpkg.com/@babel/plugin-transform-classes/-/plugin-transform-classes-7.7.0.tgz#b411ecc1b8822d24b81e5d184f24149136eddd4a"
  dependencies:
    "@babel/helper-annotate-as-pure" "^7.7.0"
    "@babel/helper-define-map" "^7.7.0"
    "@babel/helper-function-name" "^7.7.0"
    "@babel/helper-optimise-call-expression" "^7.7.0"
    "@babel/helper-plugin-utils" "^7.0.0"
    "@babel/helper-replace-supers" "^7.7.0"
    "@babel/helper-split-export-declaration" "^7.7.0"
    globals "^11.1.0"

"@babel/plugin-transform-computed-properties@^7.2.0":
  version "7.2.0"
  resolved "https://registry.yarnpkg.com/@babel/plugin-transform-computed-properties/-/plugin-transform-computed-properties-7.2.0.tgz#83a7df6a658865b1c8f641d510c6f3af220216da"
  dependencies:
    "@babel/helper-plugin-utils" "^7.0.0"

"@babel/plugin-transform-destructuring@^7.6.0":
  version "7.6.0"
  resolved "https://registry.yarnpkg.com/@babel/plugin-transform-destructuring/-/plugin-transform-destructuring-7.6.0.tgz#44bbe08b57f4480094d57d9ffbcd96d309075ba6"
  dependencies:
    "@babel/helper-plugin-utils" "^7.0.0"

"@babel/plugin-transform-dotall-regex@^7.7.0":
  version "7.7.0"
  resolved "https://registry.yarnpkg.com/@babel/plugin-transform-dotall-regex/-/plugin-transform-dotall-regex-7.7.0.tgz#c5c9ecacab3a5e0c11db6981610f0c32fd698b3b"
  dependencies:
    "@babel/helper-create-regexp-features-plugin" "^7.7.0"
    "@babel/helper-plugin-utils" "^7.0.0"

"@babel/plugin-transform-duplicate-keys@^7.5.0":
  version "7.5.0"
  resolved "https://registry.yarnpkg.com/@babel/plugin-transform-duplicate-keys/-/plugin-transform-duplicate-keys-7.5.0.tgz#c5dbf5106bf84cdf691222c0974c12b1df931853"
  dependencies:
    "@babel/helper-plugin-utils" "^7.0.0"

"@babel/plugin-transform-exponentiation-operator@^7.2.0":
  version "7.2.0"
  resolved "https://registry.yarnpkg.com/@babel/plugin-transform-exponentiation-operator/-/plugin-transform-exponentiation-operator-7.2.0.tgz#a63868289e5b4007f7054d46491af51435766008"
  dependencies:
    "@babel/helper-builder-binary-assignment-operator-visitor" "^7.1.0"
    "@babel/helper-plugin-utils" "^7.0.0"

"@babel/plugin-transform-for-of@^7.4.4":
  version "7.4.4"
  resolved "https://registry.yarnpkg.com/@babel/plugin-transform-for-of/-/plugin-transform-for-of-7.4.4.tgz#0267fc735e24c808ba173866c6c4d1440fc3c556"
  dependencies:
    "@babel/helper-plugin-utils" "^7.0.0"

"@babel/plugin-transform-function-name@^7.7.0":
  version "7.7.0"
  resolved "https://registry.yarnpkg.com/@babel/plugin-transform-function-name/-/plugin-transform-function-name-7.7.0.tgz#0fa786f1eef52e3b7d4fc02e54b2129de8a04c2a"
  dependencies:
    "@babel/helper-function-name" "^7.7.0"
    "@babel/helper-plugin-utils" "^7.0.0"

"@babel/plugin-transform-literals@^7.2.0":
  version "7.2.0"
  resolved "https://registry.yarnpkg.com/@babel/plugin-transform-literals/-/plugin-transform-literals-7.2.0.tgz#690353e81f9267dad4fd8cfd77eafa86aba53ea1"
  dependencies:
    "@babel/helper-plugin-utils" "^7.0.0"

"@babel/plugin-transform-member-expression-literals@^7.2.0":
  version "7.2.0"
  resolved "https://registry.yarnpkg.com/@babel/plugin-transform-member-expression-literals/-/plugin-transform-member-expression-literals-7.2.0.tgz#fa10aa5c58a2cb6afcf2c9ffa8cb4d8b3d489a2d"
  dependencies:
    "@babel/helper-plugin-utils" "^7.0.0"

"@babel/plugin-transform-modules-amd@^7.5.0":
  version "7.5.0"
  resolved "https://registry.yarnpkg.com/@babel/plugin-transform-modules-amd/-/plugin-transform-modules-amd-7.5.0.tgz#ef00435d46da0a5961aa728a1d2ecff063e4fb91"
  dependencies:
    "@babel/helper-module-transforms" "^7.1.0"
    "@babel/helper-plugin-utils" "^7.0.0"
    babel-plugin-dynamic-import-node "^2.3.0"

"@babel/plugin-transform-modules-commonjs@^7.7.0":
  version "7.7.0"
  resolved "https://registry.yarnpkg.com/@babel/plugin-transform-modules-commonjs/-/plugin-transform-modules-commonjs-7.7.0.tgz#3e5ffb4fd8c947feede69cbe24c9554ab4113fe3"
  dependencies:
    "@babel/helper-module-transforms" "^7.7.0"
    "@babel/helper-plugin-utils" "^7.0.0"
    "@babel/helper-simple-access" "^7.7.0"
    babel-plugin-dynamic-import-node "^2.3.0"

"@babel/plugin-transform-modules-systemjs@^7.7.0":
  version "7.7.0"
  resolved "https://registry.yarnpkg.com/@babel/plugin-transform-modules-systemjs/-/plugin-transform-modules-systemjs-7.7.0.tgz#9baf471213af9761c1617bb12fd278e629041417"
  dependencies:
    "@babel/helper-hoist-variables" "^7.7.0"
    "@babel/helper-plugin-utils" "^7.0.0"
    babel-plugin-dynamic-import-node "^2.3.0"

"@babel/plugin-transform-modules-umd@^7.7.0":
  version "7.7.0"
  resolved "https://registry.yarnpkg.com/@babel/plugin-transform-modules-umd/-/plugin-transform-modules-umd-7.7.0.tgz#d62c7da16670908e1d8c68ca0b5d4c0097b69966"
  dependencies:
    "@babel/helper-module-transforms" "^7.7.0"
    "@babel/helper-plugin-utils" "^7.0.0"

"@babel/plugin-transform-named-capturing-groups-regex@^7.7.0":
  version "7.7.0"
  resolved "https://registry.yarnpkg.com/@babel/plugin-transform-named-capturing-groups-regex/-/plugin-transform-named-capturing-groups-regex-7.7.0.tgz#358e6fd869b9a4d8f5cbc79e4ed4fc340e60dcaf"
  dependencies:
    "@babel/helper-create-regexp-features-plugin" "^7.7.0"

"@babel/plugin-transform-new-target@^7.4.4":
  version "7.4.4"
  resolved "https://registry.yarnpkg.com/@babel/plugin-transform-new-target/-/plugin-transform-new-target-7.4.4.tgz#18d120438b0cc9ee95a47f2c72bc9768fbed60a5"
  dependencies:
    "@babel/helper-plugin-utils" "^7.0.0"

"@babel/plugin-transform-object-super@^7.5.5":
  version "7.5.5"
  resolved "https://registry.yarnpkg.com/@babel/plugin-transform-object-super/-/plugin-transform-object-super-7.5.5.tgz#c70021df834073c65eb613b8679cc4a381d1a9f9"
  dependencies:
    "@babel/helper-plugin-utils" "^7.0.0"
    "@babel/helper-replace-supers" "^7.5.5"

"@babel/plugin-transform-parameters@^7.4.4":
  version "7.4.4"
  resolved "https://registry.yarnpkg.com/@babel/plugin-transform-parameters/-/plugin-transform-parameters-7.4.4.tgz#7556cf03f318bd2719fe4c922d2d808be5571e16"
  dependencies:
    "@babel/helper-call-delegate" "^7.4.4"
    "@babel/helper-get-function-arity" "^7.0.0"
    "@babel/helper-plugin-utils" "^7.0.0"

"@babel/plugin-transform-property-literals@^7.2.0":
  version "7.2.0"
  resolved "https://registry.yarnpkg.com/@babel/plugin-transform-property-literals/-/plugin-transform-property-literals-7.2.0.tgz#03e33f653f5b25c4eb572c98b9485055b389e905"
  dependencies:
    "@babel/helper-plugin-utils" "^7.0.0"

"@babel/plugin-transform-regenerator@^7.7.0":
  version "7.7.0"
  resolved "https://registry.yarnpkg.com/@babel/plugin-transform-regenerator/-/plugin-transform-regenerator-7.7.0.tgz#f1b20b535e7716b622c99e989259d7dd942dd9cc"
  dependencies:
    regenerator-transform "^0.14.0"

"@babel/plugin-transform-reserved-words@^7.2.0":
  version "7.2.0"
  resolved "https://registry.yarnpkg.com/@babel/plugin-transform-reserved-words/-/plugin-transform-reserved-words-7.2.0.tgz#4792af87c998a49367597d07fedf02636d2e1634"
  dependencies:
    "@babel/helper-plugin-utils" "^7.0.0"

"@babel/plugin-transform-shorthand-properties@^7.2.0":
  version "7.2.0"
  resolved "https://registry.yarnpkg.com/@babel/plugin-transform-shorthand-properties/-/plugin-transform-shorthand-properties-7.2.0.tgz#6333aee2f8d6ee7e28615457298934a3b46198f0"
  dependencies:
    "@babel/helper-plugin-utils" "^7.0.0"

"@babel/plugin-transform-spread@^7.6.2":
  version "7.6.2"
  resolved "https://registry.yarnpkg.com/@babel/plugin-transform-spread/-/plugin-transform-spread-7.6.2.tgz#fc77cf798b24b10c46e1b51b1b88c2bf661bb8dd"
  dependencies:
    "@babel/helper-plugin-utils" "^7.0.0"

"@babel/plugin-transform-sticky-regex@^7.2.0":
  version "7.2.0"
  resolved "https://registry.yarnpkg.com/@babel/plugin-transform-sticky-regex/-/plugin-transform-sticky-regex-7.2.0.tgz#a1e454b5995560a9c1e0d537dfc15061fd2687e1"
  dependencies:
    "@babel/helper-plugin-utils" "^7.0.0"
    "@babel/helper-regex" "^7.0.0"

"@babel/plugin-transform-template-literals@^7.4.4":
  version "7.4.4"
  resolved "https://registry.yarnpkg.com/@babel/plugin-transform-template-literals/-/plugin-transform-template-literals-7.4.4.tgz#9d28fea7bbce637fb7612a0750989d8321d4bcb0"
  dependencies:
    "@babel/helper-annotate-as-pure" "^7.0.0"
    "@babel/helper-plugin-utils" "^7.0.0"

"@babel/plugin-transform-typeof-symbol@^7.2.0":
  version "7.2.0"
  resolved "https://registry.yarnpkg.com/@babel/plugin-transform-typeof-symbol/-/plugin-transform-typeof-symbol-7.2.0.tgz#117d2bcec2fbf64b4b59d1f9819894682d29f2b2"
  dependencies:
    "@babel/helper-plugin-utils" "^7.0.0"

"@babel/plugin-transform-unicode-regex@^7.7.0":
  version "7.7.0"
  resolved "https://registry.yarnpkg.com/@babel/plugin-transform-unicode-regex/-/plugin-transform-unicode-regex-7.7.0.tgz#743d9bcc44080e3cc7d49259a066efa30f9187a3"
  dependencies:
    "@babel/helper-create-regexp-features-plugin" "^7.7.0"
    "@babel/helper-plugin-utils" "^7.0.0"

"@babel/preset-env@^7.7.1":
  version "7.7.1"
  resolved "https://registry.yarnpkg.com/@babel/preset-env/-/preset-env-7.7.1.tgz#04a2ff53552c5885cf1083e291c8dd5490f744bb"
  dependencies:
    "@babel/helper-module-imports" "^7.7.0"
    "@babel/helper-plugin-utils" "^7.0.0"
    "@babel/plugin-proposal-async-generator-functions" "^7.7.0"
    "@babel/plugin-proposal-dynamic-import" "^7.7.0"
    "@babel/plugin-proposal-json-strings" "^7.2.0"
    "@babel/plugin-proposal-object-rest-spread" "^7.6.2"
    "@babel/plugin-proposal-optional-catch-binding" "^7.2.0"
    "@babel/plugin-proposal-unicode-property-regex" "^7.7.0"
    "@babel/plugin-syntax-async-generators" "^7.2.0"
    "@babel/plugin-syntax-dynamic-import" "^7.2.0"
    "@babel/plugin-syntax-json-strings" "^7.2.0"
    "@babel/plugin-syntax-object-rest-spread" "^7.2.0"
    "@babel/plugin-syntax-optional-catch-binding" "^7.2.0"
    "@babel/plugin-syntax-top-level-await" "^7.7.0"
    "@babel/plugin-transform-arrow-functions" "^7.2.0"
    "@babel/plugin-transform-async-to-generator" "^7.7.0"
    "@babel/plugin-transform-block-scoped-functions" "^7.2.0"
    "@babel/plugin-transform-block-scoping" "^7.6.3"
    "@babel/plugin-transform-classes" "^7.7.0"
    "@babel/plugin-transform-computed-properties" "^7.2.0"
    "@babel/plugin-transform-destructuring" "^7.6.0"
    "@babel/plugin-transform-dotall-regex" "^7.7.0"
    "@babel/plugin-transform-duplicate-keys" "^7.5.0"
    "@babel/plugin-transform-exponentiation-operator" "^7.2.0"
    "@babel/plugin-transform-for-of" "^7.4.4"
    "@babel/plugin-transform-function-name" "^7.7.0"
    "@babel/plugin-transform-literals" "^7.2.0"
    "@babel/plugin-transform-member-expression-literals" "^7.2.0"
    "@babel/plugin-transform-modules-amd" "^7.5.0"
    "@babel/plugin-transform-modules-commonjs" "^7.7.0"
    "@babel/plugin-transform-modules-systemjs" "^7.7.0"
    "@babel/plugin-transform-modules-umd" "^7.7.0"
    "@babel/plugin-transform-named-capturing-groups-regex" "^7.7.0"
    "@babel/plugin-transform-new-target" "^7.4.4"
    "@babel/plugin-transform-object-super" "^7.5.5"
    "@babel/plugin-transform-parameters" "^7.4.4"
    "@babel/plugin-transform-property-literals" "^7.2.0"
    "@babel/plugin-transform-regenerator" "^7.7.0"
    "@babel/plugin-transform-reserved-words" "^7.2.0"
    "@babel/plugin-transform-shorthand-properties" "^7.2.0"
    "@babel/plugin-transform-spread" "^7.6.2"
    "@babel/plugin-transform-sticky-regex" "^7.2.0"
    "@babel/plugin-transform-template-literals" "^7.4.4"
    "@babel/plugin-transform-typeof-symbol" "^7.2.0"
    "@babel/plugin-transform-unicode-regex" "^7.7.0"
    "@babel/types" "^7.7.1"
    browserslist "^4.6.0"
    core-js-compat "^3.1.1"
    invariant "^2.2.2"
    js-levenshtein "^1.1.3"
    semver "^5.5.0"

"@babel/template@^7.7.0":
  version "7.7.0"
  resolved "https://registry.yarnpkg.com/@babel/template/-/template-7.7.0.tgz#4fadc1b8e734d97f56de39c77de76f2562e597d0"
  dependencies:
    "@babel/code-frame" "^7.0.0"
    "@babel/parser" "^7.7.0"
    "@babel/types" "^7.7.0"

"@babel/traverse@^7.7.0", "@babel/traverse@^7.7.2":
  version "7.7.2"
  resolved "https://registry.yarnpkg.com/@babel/traverse/-/traverse-7.7.2.tgz#ef0a65e07a2f3c550967366b3d9b62a2dcbeae09"
  dependencies:
    "@babel/code-frame" "^7.5.5"
    "@babel/generator" "^7.7.2"
    "@babel/helper-function-name" "^7.7.0"
    "@babel/helper-split-export-declaration" "^7.7.0"
    "@babel/parser" "^7.7.2"
    "@babel/types" "^7.7.2"
    debug "^4.1.0"
    globals "^11.1.0"
    lodash "^4.17.13"

"@babel/types@^7.7.0", "@babel/types@^7.7.1", "@babel/types@^7.7.2":
  version "7.7.2"
  resolved "https://registry.yarnpkg.com/@babel/types/-/types-7.7.2.tgz#550b82e5571dcd174af576e23f0adba7ffc683f7"
  dependencies:
    esutils "^2.0.2"
    lodash "^4.17.13"
    to-fast-properties "^2.0.0"

"@types/lodash@^4.14.149":
  version "4.14.149"
  resolved "https://registry.yarnpkg.com/@types/lodash/-/lodash-4.14.149.tgz#1342d63d948c6062838fbf961012f74d4e638440"

"@types/node@*":
  version "12.12.9"
  resolved "https://registry.yarnpkg.com/@types/node/-/node-12.12.9.tgz#0b5ae05516b757cbff2e82c04500190aef986c7b"

"@types/resolve@0.0.8":
  version "0.0.8"
  resolved "https://registry.yarnpkg.com/@types/resolve/-/resolve-0.0.8.tgz#f26074d238e02659e323ce1a13d041eee280e194"
  dependencies:
    "@types/node" "*"

ansi-styles@^3.2.1:
  version "3.2.1"
  resolved "https://registry.yarnpkg.com/ansi-styles/-/ansi-styles-3.2.1.tgz#41fbb20243e50b12be0f04b8dedbf07520ce841d"
  dependencies:
    color-convert "^1.9.0"

axios@^0.19.0:
  version "0.19.0"
  resolved "https://registry.yarnpkg.com/axios/-/axios-0.19.0.tgz#8e09bff3d9122e133f7b8101c8fbdd00ed3d2ab8"
  dependencies:
    follow-redirects "1.5.10"
    is-buffer "^2.0.2"

babel-plugin-dynamic-import-node@^2.3.0:
  version "2.3.0"
  resolved "https://registry.yarnpkg.com/babel-plugin-dynamic-import-node/-/babel-plugin-dynamic-import-node-2.3.0.tgz#f00f507bdaa3c3e3ff6e7e5e98d90a7acab96f7f"
  dependencies:
    object.assign "^4.1.0"

browserslist@^4.6.0, browserslist@^4.7.2:
  version "4.7.3"
  resolved "https://registry.yarnpkg.com/browserslist/-/browserslist-4.7.3.tgz#02341f162b6bcc1e1028e30624815d4924442dc3"
  dependencies:
    caniuse-lite "^1.0.30001010"
    electron-to-chromium "^1.3.306"
    node-releases "^1.1.40"

builtin-modules@^3.1.0:
  version "3.1.0"
  resolved "https://registry.yarnpkg.com/builtin-modules/-/builtin-modules-3.1.0.tgz#aad97c15131eb76b65b50ef208e7584cd76a7484"

caniuse-lite@^1.0.30001010:
  version "1.0.30001010"
  resolved "https://registry.yarnpkg.com/caniuse-lite/-/caniuse-lite-1.0.30001010.tgz#397a14034d384260453cc81994f494626d34b938"

chalk@^2.0.0:
  version "2.4.2"
  resolved "https://registry.yarnpkg.com/chalk/-/chalk-2.4.2.tgz#cd42541677a54333cf541a49108c1432b44c9424"
  dependencies:
    ansi-styles "^3.2.1"
    escape-string-regexp "^1.0.5"
    supports-color "^5.3.0"

color-convert@^1.9.0:
  version "1.9.3"
  resolved "https://registry.yarnpkg.com/color-convert/-/color-convert-1.9.3.tgz#bb71850690e1f136567de629d2d5471deda4c1e8"
  dependencies:
    color-name "1.1.3"

color-name@1.1.3:
  version "1.1.3"
  resolved "https://registry.yarnpkg.com/color-name/-/color-name-1.1.3.tgz#a7d0558bd89c42f795dd42328f740831ca53bc25"

convert-source-map@^1.7.0:
  version "1.7.0"
  resolved "https://registry.yarnpkg.com/convert-source-map/-/convert-source-map-1.7.0.tgz#17a2cb882d7f77d3490585e2ce6c524424a3a442"
  dependencies:
    safe-buffer "~5.1.1"

core-js-compat@^3.1.1:
  version "3.4.1"
  resolved "https://registry.yarnpkg.com/core-js-compat/-/core-js-compat-3.4.1.tgz#e12c5a3ef9fcb50fd9d9a32805bfe674f9139246"
  dependencies:
    browserslist "^4.7.2"
    semver "^6.3.0"

debug@=3.1.0:
  version "3.1.0"
  resolved "https://registry.yarnpkg.com/debug/-/debug-3.1.0.tgz#5bb5a0672628b64149566ba16819e61518c67261"
  dependencies:
    ms "2.0.0"

debug@^4.1.0:
  version "4.1.1"
  resolved "https://registry.yarnpkg.com/debug/-/debug-4.1.1.tgz#3b72260255109c6b589cee050f1d516139664791"
  dependencies:
    ms "^2.1.1"

define-properties@^1.1.2:
  version "1.1.3"
  resolved "https://registry.yarnpkg.com/define-properties/-/define-properties-1.1.3.tgz#cf88da6cbee26fe6db7094f61d870cbd84cee9f1"
  dependencies:
    object-keys "^1.0.12"

electron-to-chromium@^1.3.306:
  version "1.3.306"
  resolved "https://registry.yarnpkg.com/electron-to-chromium/-/electron-to-chromium-1.3.306.tgz#e8265301d053d5f74e36cb876486830261fbe946"

escape-string-regexp@^1.0.5:
  version "1.0.5"
  resolved "https://registry.yarnpkg.com/escape-string-regexp/-/escape-string-regexp-1.0.5.tgz#1b61c0562190a8dff6ae3bb2cf0200ca130b86d4"

estree-walker@^0.6.1:
  version "0.6.1"
  resolved "https://registry.yarnpkg.com/estree-walker/-/estree-walker-0.6.1.tgz#53049143f40c6eb918b23671d1fe3219f3a1b362"

esutils@^2.0.2:
  version "2.0.3"
  resolved "https://registry.yarnpkg.com/esutils/-/esutils-2.0.3.tgz#74d2eb4de0b8da1293711910d50775b9b710ef64"

follow-redirects@1.5.10:
  version "1.5.10"
  resolved "https://registry.yarnpkg.com/follow-redirects/-/follow-redirects-1.5.10.tgz#7b7a9f9aea2fdff36786a94ff643ed07f4ff5e2a"
  dependencies:
    debug "=3.1.0"

function-bind@^1.1.1:
  version "1.1.1"
  resolved "https://registry.yarnpkg.com/function-bind/-/function-bind-1.1.1.tgz#a56899d3ea3c9bab874bb9773b7c5ede92f4895d"

globals@^11.1.0:
  version "11.12.0"
  resolved "https://registry.yarnpkg.com/globals/-/globals-11.12.0.tgz#ab8795338868a0babd8525758018c2a7eb95c42e"

has-flag@^3.0.0:
  version "3.0.0"
  resolved "https://registry.yarnpkg.com/has-flag/-/has-flag-3.0.0.tgz#b5d454dc2199ae225699f3467e5a07f3b955bafd"

has-symbols@^1.0.0:
  version "1.0.1"
  resolved "https://registry.yarnpkg.com/has-symbols/-/has-symbols-1.0.1.tgz#9f5214758a44196c406d9bd76cebf81ec2dd31e8"

immediate@~3.0.5:
  version "3.0.6"
  resolved "https://registry.yarnpkg.com/immediate/-/immediate-3.0.6.tgz#9db1dbd0faf8de6fbe0f5dd5e56bb606280de69b"

invariant@^2.2.2:
  version "2.2.4"
  resolved "https://registry.yarnpkg.com/invariant/-/invariant-2.2.4.tgz#610f3c92c9359ce1db616e538008d23ff35158e6"
  dependencies:
    loose-envify "^1.0.0"

is-buffer@^2.0.2:
  version "2.0.4"
  resolved "https://registry.yarnpkg.com/is-buffer/-/is-buffer-2.0.4.tgz#3e572f23c8411a5cfd9557c849e3665e0b290623"

is-module@^1.0.0:
  version "1.0.0"
  resolved "https://registry.yarnpkg.com/is-module/-/is-module-1.0.0.tgz#3258fb69f78c14d5b815d664336b4cffb6441591"

js-levenshtein@^1.1.3:
  version "1.1.6"
  resolved "https://registry.yarnpkg.com/js-levenshtein/-/js-levenshtein-1.1.6.tgz#c6cee58eb3550372df8deb85fad5ce66ce01d59d"

"js-tokens@^3.0.0 || ^4.0.0", js-tokens@^4.0.0:
  version "4.0.0"
  resolved "https://registry.yarnpkg.com/js-tokens/-/js-tokens-4.0.0.tgz#19203fb59991df98e3a287050d4647cdeaf32499"

jsesc@^2.5.1:
  version "2.5.2"
  resolved "https://registry.yarnpkg.com/jsesc/-/jsesc-2.5.2.tgz#80564d2e483dacf6e8ef209650a67df3f0c283a4"

jsesc@~0.5.0:
  version "0.5.0"
  resolved "https://registry.yarnpkg.com/jsesc/-/jsesc-0.5.0.tgz#e7dee66e35d6fc16f710fe91d5cf69f70f08911d"

json5@^2.1.0:
  version "2.1.1"
  resolved "https://registry.yarnpkg.com/json5/-/json5-2.1.1.tgz#81b6cb04e9ba496f1c7005d07b4368a2638f90b6"
  dependencies:
    minimist "^1.2.0"

lie@3.1.1:
  version "3.1.1"
  resolved "https://registry.yarnpkg.com/lie/-/lie-3.1.1.tgz#9a436b2cc7746ca59de7a41fa469b3efb76bd87e"
  dependencies:
    immediate "~3.0.5"

localforage@^1.7.3:
  version "1.7.3"
  resolved "https://registry.yarnpkg.com/localforage/-/localforage-1.7.3.tgz#0082b3ca9734679e1bd534995bdd3b24cf10f204"
  dependencies:
    lie "3.1.1"

lodash@^4.17.13, lodash@^4.17.15:
  version "4.17.21"
  resolved "https://registry.yarnpkg.com/lodash/-/lodash-4.17.21.tgz#679591c564c3bffaae8454cf0b3df370c3d6911c"

loose-envify@^1.0.0:
  version "1.4.0"
  resolved "https://registry.yarnpkg.com/loose-envify/-/loose-envify-1.4.0.tgz#71ee51fa7be4caec1a63839f7e682d8132d30caf"
  dependencies:
    js-tokens "^3.0.0 || ^4.0.0"

lzutf8@^0.5.5:
  version "0.5.5"
  resolved "https://registry.yarnpkg.com/lzutf8/-/lzutf8-0.5.5.tgz#3f677ef865eae628fca5f8c6a423ae631371a71c"

minimist@^1.2.0:
  version "1.2.0"
  resolved "https://registry.yarnpkg.com/minimist/-/minimist-1.2.0.tgz#a35008b20f41383eec1fb914f4cd5df79a264284"

ms@2.0.0:
  version "2.0.0"
  resolved "https://registry.yarnpkg.com/ms/-/ms-2.0.0.tgz#5608aeadfc00be6c2901df5f9861788de0d597c8"

ms@^2.1.1:
  version "2.1.2"
  resolved "https://registry.yarnpkg.com/ms/-/ms-2.1.2.tgz#d09d1f357b443f493382a8eb3ccd183872ae6009"

node-releases@^1.1.40:
  version "1.1.40"
  resolved "https://registry.yarnpkg.com/node-releases/-/node-releases-1.1.40.tgz#a94facfa8e2d612302601ca1361741d529c4515a"
  dependencies:
    semver "^6.3.0"

object-keys@^1.0.11, object-keys@^1.0.12:
  version "1.1.1"
  resolved "https://registry.yarnpkg.com/object-keys/-/object-keys-1.1.1.tgz#1c47f272df277f3b1daf061677d9c82e2322c60e"

object.assign@^4.1.0:
  version "4.1.0"
  resolved "https://registry.yarnpkg.com/object.assign/-/object.assign-4.1.0.tgz#968bf1100d7956bb3ca086f006f846b3bc4008da"
  dependencies:
    define-properties "^1.1.2"
    function-bind "^1.1.1"
    has-symbols "^1.0.0"
    object-keys "^1.0.11"

path-parse@^1.0.6:
  version "1.0.6"
  resolved "https://registry.yarnpkg.com/path-parse/-/path-parse-1.0.6.tgz#d62dbb5679405d72c4737ec58600e9ddcf06d24c"

private@^0.1.6:
  version "0.1.8"
  resolved "https://registry.yarnpkg.com/private/-/private-0.1.8.tgz#2381edb3689f7a53d653190060fcf822d2f368ff"

regenerate-unicode-properties@^8.1.0:
  version "8.1.0"
  resolved "https://registry.yarnpkg.com/regenerate-unicode-properties/-/regenerate-unicode-properties-8.1.0.tgz#ef51e0f0ea4ad424b77bf7cb41f3e015c70a3f0e"
  dependencies:
    regenerate "^1.4.0"

regenerate@^1.4.0:
  version "1.4.0"
  resolved "https://registry.yarnpkg.com/regenerate/-/regenerate-1.4.0.tgz#4a856ec4b56e4077c557589cae85e7a4c8869a11"

regenerator-transform@^0.14.0:
  version "0.14.1"
  resolved "https://registry.yarnpkg.com/regenerator-transform/-/regenerator-transform-0.14.1.tgz#3b2fce4e1ab7732c08f665dfdb314749c7ddd2fb"
  dependencies:
    private "^0.1.6"

regexpu-core@^4.6.0:
  version "4.6.0"
  resolved "https://registry.yarnpkg.com/regexpu-core/-/regexpu-core-4.6.0.tgz#2037c18b327cfce8a6fea2a4ec441f2432afb8b6"
  dependencies:
    regenerate "^1.4.0"
    regenerate-unicode-properties "^8.1.0"
    regjsgen "^0.5.0"
    regjsparser "^0.6.0"
    unicode-match-property-ecmascript "^1.0.4"
    unicode-match-property-value-ecmascript "^1.1.0"

regjsgen@^0.5.0:
  version "0.5.1"
  resolved "https://registry.yarnpkg.com/regjsgen/-/regjsgen-0.5.1.tgz#48f0bf1a5ea205196929c0d9798b42d1ed98443c"

regjsparser@^0.6.0:
  version "0.6.0"
  resolved "https://registry.yarnpkg.com/regjsparser/-/regjsparser-0.6.0.tgz#f1e6ae8b7da2bae96c99399b868cd6c933a2ba9c"
  dependencies:
    jsesc "~0.5.0"

resolve@^1.10.0, resolve@^1.11.1, resolve@^1.3.2:
  version "1.12.0"
  resolved "https://registry.yarnpkg.com/resolve/-/resolve-1.12.0.tgz#3fc644a35c84a48554609ff26ec52b66fa577df6"
  dependencies:
    path-parse "^1.0.6"

rollup-plugin-babel@^4.3.3:
  version "4.3.3"
  resolved "https://registry.yarnpkg.com/rollup-plugin-babel/-/rollup-plugin-babel-4.3.3.tgz#7eb5ac16d9b5831c3fd5d97e8df77ba25c72a2aa"
  dependencies:
    "@babel/helper-module-imports" "^7.0.0"
    rollup-pluginutils "^2.8.1"

rollup-plugin-node-resolve@^5.2.0:
  version "5.2.0"
  resolved "https://registry.yarnpkg.com/rollup-plugin-node-resolve/-/rollup-plugin-node-resolve-5.2.0.tgz#730f93d10ed202473b1fb54a5997a7db8c6d8523"
  dependencies:
    "@types/resolve" "0.0.8"
    builtin-modules "^3.1.0"
    is-module "^1.0.0"
    resolve "^1.11.1"
    rollup-pluginutils "^2.8.1"

rollup-plugin-typescript@^1.0.1:
  version "1.0.1"
  resolved "https://registry.yarnpkg.com/rollup-plugin-typescript/-/rollup-plugin-typescript-1.0.1.tgz#86565033b714c3d1f3aba510aad3dc519f7091e9"
  dependencies:
    resolve "^1.10.0"
    rollup-pluginutils "^2.5.0"

rollup-pluginutils@^2.5.0, rollup-pluginutils@^2.8.1:
  version "2.8.2"
  resolved "https://registry.yarnpkg.com/rollup-pluginutils/-/rollup-pluginutils-2.8.2.tgz#72f2af0748b592364dbd3389e600e5a9444a351e"
  dependencies:
    estree-walker "^0.6.1"

safe-buffer@~5.1.1:
  version "5.1.2"
  resolved "https://registry.yarnpkg.com/safe-buffer/-/safe-buffer-5.1.2.tgz#991ec69d296e0313747d59bdfd2b745c35f8828d"

semver@^5.4.1, semver@^5.5.0:
  version "5.7.1"
  resolved "https://registry.yarnpkg.com/semver/-/semver-5.7.1.tgz#a954f931aeba508d307bbf069eff0c01c96116f7"

semver@^6.3.0:
  version "6.3.0"
  resolved "https://registry.yarnpkg.com/semver/-/semver-6.3.0.tgz#ee0a64c8af5e8ceea67687b133761e1becbd1d3d"

source-map@^0.5.0:
  version "0.5.7"
  resolved "https://registry.yarnpkg.com/source-map/-/source-map-0.5.7.tgz#8a039d2d1021d22d1ea14c80d8ea468ba2ef3fcc"

supports-color@^5.3.0:
  version "5.5.0"
  resolved "https://registry.yarnpkg.com/supports-color/-/supports-color-5.5.0.tgz#e2e69a44ac8772f78a1ec0b35b689df6530efc8f"
  dependencies:
    has-flag "^3.0.0"

to-fast-properties@^2.0.0:
  version "2.0.0"
  resolved "https://registry.yarnpkg.com/to-fast-properties/-/to-fast-properties-2.0.0.tgz#dc5e698cbd079265bc73e0377681a4e4e83f616e"

tslib@^1.10.0:
  version "1.10.0"
  resolved "https://registry.yarnpkg.com/tslib/-/tslib-1.10.0.tgz#c3c19f95973fb0a62973fb09d90d961ee43e5c8a"

typescript@^3.7.2:
  version "3.7.2"
  resolved "https://registry.yarnpkg.com/typescript/-/typescript-3.7.2.tgz#27e489b95fa5909445e9fef5ee48d81697ad18fb"

unicode-canonical-property-names-ecmascript@^1.0.4:
  version "1.0.4"
  resolved "https://registry.yarnpkg.com/unicode-canonical-property-names-ecmascript/-/unicode-canonical-property-names-ecmascript-1.0.4.tgz#2619800c4c825800efdd8343af7dd9933cbe2818"

unicode-match-property-ecmascript@^1.0.4:
  version "1.0.4"
  resolved "https://registry.yarnpkg.com/unicode-match-property-ecmascript/-/unicode-match-property-ecmascript-1.0.4.tgz#8ed2a32569961bce9227d09cd3ffbb8fed5f020c"
  dependencies:
    unicode-canonical-property-names-ecmascript "^1.0.4"
    unicode-property-aliases-ecmascript "^1.0.4"

unicode-match-property-value-ecmascript@^1.1.0:
  version "1.1.0"
  resolved "https://registry.yarnpkg.com/unicode-match-property-value-ecmascript/-/unicode-match-property-value-ecmascript-1.1.0.tgz#5b4b426e08d13a80365e0d657ac7a6c1ec46a277"

unicode-property-aliases-ecmascript@^1.0.4:
  version "1.0.5"
  resolved "https://registry.yarnpkg.com/unicode-property-aliases-ecmascript/-/unicode-property-aliases-ecmascript-1.0.5.tgz#a9cc6cc7ce63a0a3023fc99e341b94431d405a57"
